
Microsoft Visual Studio Solution File, Format Version 11.00
# Visual Studio 2010
Project("{FAE04EC0-301F-11D3-BF4B-00C04F79EFBC}") = "JsonLD.Entities", "JsonLD.Entities\JsonLD.Entities.csproj", "{CCB7B927-5AD6-4B98-ABA3-92EA18351B7D}"
EndProject
Global
	GlobalSection(SolutionConfigurationPlatforms) = preSolution
		Debug|Any CPU = Debug|Any CPU
		Release|Any CPU = Release|Any CPU
	EndGlobalSection
	GlobalSection(ProjectConfigurationPlatforms) = postSolution
		{CCB7B927-5AD6-4B98-ABA3-92EA18351B7D}.Debug|Any CPU.ActiveCfg = Debug|Any CPU
		{CCB7B927-5AD6-4B98-ABA3-92EA18351B7D}.Debug|Any CPU.Build.0 = Debug|Any CPU
		{CCB7B927-5AD6-4B98-ABA3-92EA18351B7D}.Release|Any CPU.ActiveCfg = Release|Any CPU
		{CCB7B927-5AD6-4B98-ABA3-92EA18351B7D}.Release|Any CPU.Build.0 = Release|Any CPU
	EndGlobalSection
	GlobalSection(SolutionProperties) = preSolution
		HideSolutionNode = FALSE
	EndGlobalSection
EndGlobal
